
Microsoft Visual Studio Solution File, Format Version 12.00
# Visual Studio Version 16
VisualStudioVersion = 16.0.29926.136
MinimumVisualStudioVersion = 10.0.40219.1
Project("{F184B08F-C81C-45F6-A57F-5ABD9991F28F}") = "VizeOdevi", "VizeOdevi\VizeOdevi.vbproj", "{E89EF1D7-B27D-46DC-87E3-3AF193A447BF}"
EndProject
Global
	GlobalSection(SolutionConfigurationPlatforms) = preSolution
		Debug|Any CPU = Debug|Any CPU
		Release|Any CPU = Release|Any CPU
	EndGlobalSection
	GlobalSection(ProjectConfigurationPlatforms) = postSolution
		{E89EF1D7-B27D-46DC-87E3-3AF193A447BF}.Debug|Any CPU.ActiveCfg = Debug|Any CPU
		{E89EF1D7-B27D-46DC-87E3-3AF193A447BF}.Debug|Any CPU.Build.0 = Debug|Any CPU
		{E89EF1D7-B27D-46DC-87E3-3AF193A447BF}.Release|Any CPU.ActiveCfg = Release|Any CPU
		{E89EF1D7-B27D-46DC-87E3-3AF193A447BF}.Release|Any CPU.Build.0 = Release|Any CPU
	EndGlobalSection
	GlobalSection(SolutionProperties) = preSolution
		HideSolutionNode = FALSE
	EndGlobalSection
	GlobalSection(ExtensibilityGlobals) = postSolution
		SolutionGuid = {8AE3323A-C2C8-4AA1-8E95-45729D5578F9}
	EndGlobalSection
EndGlobal
